
Microsoft Visual Studio Solution File, Format Version 12.00
# Visual Studio Version 17
VisualStudioVersion = 17.3.32929.385
MinimumVisualStudioVersion = 10.0.40219.1
Project("{FAE04EC0-301F-11D3-BF4B-00C04F79EFBC}") = "SampleAzureFunction", "SampleAzureFunction.csproj", "{581850F1-80F2-4F90-923A-1E30FB342A59}"
EndProject
Global
	GlobalSection(SolutionConfigurationPlatforms) = preSolution
		Debug|Any CPU = Debug|Any CPU
		Release|Any CPU = Release|Any CPU
	EndGlobalSection
	GlobalSection(ProjectConfigurationPlatforms) = postSolution
		{581850F1-80F2-4F90-923A-1E30FB342A59}.Debug|Any CPU.ActiveCfg = Debug|Any CPU
		{581850F1-80F2-4F90-923A-1E30FB342A59}.Debug|Any CPU.Build.0 = Debug|Any CPU
		{581850F1-80F2-4F90-923A-1E30FB342A59}.Release|Any CPU.ActiveCfg = Release|Any CPU
		{581850F1-80F2-4F90-923A-1E30FB342A59}.Release|Any CPU.Build.0 = Release|Any CPU
	EndGlobalSection
	GlobalSection(SolutionProperties) = preSolution
		HideSolutionNode = FALSE
	EndGlobalSection
	GlobalSection(ExtensibilityGlobals) = postSolution
		SolutionGuid = {B1E84BC8-1368-435E-B5E0-7D58461DDC9B}
	EndGlobalSection
EndGlobal
